
Microsoft Visual Studio Solution File, Format Version 12.00
# Visual Studio Version 17
VisualStudioVersion = 17.5.002.0
MinimumVisualStudioVersion = 10.0.40219.1
Project("{2150E333-8FDC-42A3-9474-1A3956D46DE8}") = "src", "src", "{4F83052D-B60D-44C4-AB1F-452D396975DB}"
EndProject
Project("{9A19103F-16F7-4668-BE54-9A1E7A4F7556}") = "RazorPagesMovie", "src\RazorPagesMovie\RazorPagesMovie.csproj", "{D8838662-093C-4805-A172-DAE65204E4ED}"
EndProject
Project("{FAE04EC0-301F-11D3-BF4B-00C04F79EFBC}") = "MvcMovie", "src\MvcMovie\MvcMovie.csproj", "{7E47FA61-27BF-4B5A-AED5-B495EF5AA140}"
EndProject
Project("{FAE04EC0-301F-11D3-BF4B-00C04F79EFBC}") = "BlazorApp", "src\BlazorApps\BlazorApp\BlazorApp.csproj", "{3B435B46-309C-4741-8012-24B052960249}"
EndProject
Project("{2150E333-8FDC-42A3-9474-1A3956D46DE8}") = "BlazorApps", "BlazorApps", "{1C99349F-5D26-444F-BC98-2A94AA1877B8}"
EndProject
Project("{FAE04EC0-301F-11D3-BF4B-00C04F79EFBC}") = "TodoList", "src\BlazorApps\TodoList\TodoList.csproj", "{7EE32ACC-1EE2-48AD-9A35-ADFB991CCC1E}"
EndProject
Project("{FAE04EC0-301F-11D3-BF4B-00C04F79EFBC}") = "BlazorSignalR", "src\BlazorApps\BlazorSignalR\BlazorSignalR.csproj", "{1B95F790-0DB8-4D0C-9582-5C9AE8558311}"
EndProject
Project("{2150E333-8FDC-42A3-9474-1A3956D46DE8}") = "APIs", "APIs", "{46874E9D-24FE-469F-8CB4-8BDE8DE63FCD}"
EndProject
Project("{FAE04EC0-301F-11D3-BF4B-00C04F79EFBC}") = "TodoAPI", "src\APIs\TodoAPI\TodoAPI.csproj", "{32EA195E-0E5F-4CDF-89FC-D8AE3BA6F236}"
EndProject
Project("{FAE04EC0-301F-11D3-BF4B-00C04F79EFBC}") = "BookStoreAPI", "src\APIs\BookStoreAPI\BookStoreAPI.csproj", "{4668A953-6D02-4765-9EEE-B470D0CDA294}"
EndProject
Global
	GlobalSection(SolutionConfigurationPlatforms) = preSolution
		Debug|Any CPU = Debug|Any CPU
		Release|Any CPU = Release|Any CPU
	EndGlobalSection
	GlobalSection(ProjectConfigurationPlatforms) = postSolution
		{D8838662-093C-4805-A172-DAE65204E4ED}.Debug|Any CPU.ActiveCfg = Debug|Any CPU
		{D8838662-093C-4805-A172-DAE65204E4ED}.Debug|Any CPU.Build.0 = Debug|Any CPU
		{D8838662-093C-4805-A172-DAE65204E4ED}.Release|Any CPU.ActiveCfg = Release|Any CPU
		{D8838662-093C-4805-A172-DAE65204E4ED}.Release|Any CPU.Build.0 = Release|Any CPU
		{7E47FA61-27BF-4B5A-AED5-B495EF5AA140}.Debug|Any CPU.ActiveCfg = Debug|Any CPU
		{7E47FA61-27BF-4B5A-AED5-B495EF5AA140}.Debug|Any CPU.Build.0 = Debug|Any CPU
		{7E47FA61-27BF-4B5A-AED5-B495EF5AA140}.Release|Any CPU.ActiveCfg = Release|Any CPU
		{7E47FA61-27BF-4B5A-AED5-B495EF5AA140}.Release|Any CPU.Build.0 = Release|Any CPU
		{3B435B46-309C-4741-8012-24B052960249}.Debug|Any CPU.ActiveCfg = Debug|Any CPU
		{3B435B46-309C-4741-8012-24B052960249}.Debug|Any CPU.Build.0 = Debug|Any CPU
		{3B435B46-309C-4741-8012-24B052960249}.Release|Any CPU.ActiveCfg = Release|Any CPU
		{3B435B46-309C-4741-8012-24B052960249}.Release|Any CPU.Build.0 = Release|Any CPU
		{7EE32ACC-1EE2-48AD-9A35-ADFB991CCC1E}.Debug|Any CPU.ActiveCfg = Debug|Any CPU
		{7EE32ACC-1EE2-48AD-9A35-ADFB991CCC1E}.Debug|Any CPU.Build.0 = Debug|Any CPU
		{7EE32ACC-1EE2-48AD-9A35-ADFB991CCC1E}.Release|Any CPU.ActiveCfg = Release|Any CPU
		{7EE32ACC-1EE2-48AD-9A35-ADFB991CCC1E}.Release|Any CPU.Build.0 = Release|Any CPU
		{1B95F790-0DB8-4D0C-9582-5C9AE8558311}.Debug|Any CPU.ActiveCfg = Debug|Any CPU
		{1B95F790-0DB8-4D0C-9582-5C9AE8558311}.Debug|Any CPU.Build.0 = Debug|Any CPU
		{1B95F790-0DB8-4D0C-9582-5C9AE8558311}.Release|Any CPU.ActiveCfg = Release|Any CPU
		{1B95F790-0DB8-4D0C-9582-5C9AE8558311}.Release|Any CPU.Build.0 = Release|Any CPU
		{32EA195E-0E5F-4CDF-89FC-D8AE3BA6F236}.Debug|Any CPU.ActiveCfg = Debug|Any CPU
		{32EA195E-0E5F-4CDF-89FC-D8AE3BA6F236}.Debug|Any CPU.Build.0 = Debug|Any CPU
		{32EA195E-0E5F-4CDF-89FC-D8AE3BA6F236}.Release|Any CPU.ActiveCfg = Release|Any CPU
		{32EA195E-0E5F-4CDF-89FC-D8AE3BA6F236}.Release|Any CPU.Build.0 = Release|Any CPU
		{4668A953-6D02-4765-9EEE-B470D0CDA294}.Debug|Any CPU.ActiveCfg = Debug|Any CPU
		{4668A953-6D02-4765-9EEE-B470D0CDA294}.Debug|Any CPU.Build.0 = Debug|Any CPU
		{4668A953-6D02-4765-9EEE-B470D0CDA294}.Release|Any CPU.ActiveCfg = Release|Any CPU
		{4668A953-6D02-4765-9EEE-B470D0CDA294}.Release|Any CPU.Build.0 = Release|Any CPU
	EndGlobalSection
	GlobalSection(SolutionProperties) = preSolution
		HideSolutionNode = FALSE
	EndGlobalSection
	GlobalSection(NestedProjects) = preSolution
		{D8838662-093C-4805-A172-DAE65204E4ED} = {4F83052D-B60D-44C4-AB1F-452D396975DB}
		{7E47FA61-27BF-4B5A-AED5-B495EF5AA140} = {4F83052D-B60D-44C4-AB1F-452D396975DB}
		{3B435B46-309C-4741-8012-24B052960249} = {4F83052D-B60D-44C4-AB1F-452D396975DB}
		{1C99349F-5D26-444F-BC98-2A94AA1877B8} = {4F83052D-B60D-44C4-AB1F-452D396975DB}
		{7EE32ACC-1EE2-48AD-9A35-ADFB991CCC1E} = {1C99349F-5D26-444F-BC98-2A94AA1877B8}
		{1B95F790-0DB8-4D0C-9582-5C9AE8558311} = {1C99349F-5D26-444F-BC98-2A94AA1877B8}
		{46874E9D-24FE-469F-8CB4-8BDE8DE63FCD} = {4F83052D-B60D-44C4-AB1F-452D396975DB}
		{32EA195E-0E5F-4CDF-89FC-D8AE3BA6F236} = {46874E9D-24FE-469F-8CB4-8BDE8DE63FCD}
		{4668A953-6D02-4765-9EEE-B470D0CDA294} = {46874E9D-24FE-469F-8CB4-8BDE8DE63FCD}
	EndGlobalSection
	GlobalSection(ExtensibilityGlobals) = postSolution
		SolutionGuid = {21C94863-EF83-457B-913A-4ACF91B64241}
	EndGlobalSection
EndGlobal
